#MicroXplorer Configuration settings - do not modify
ARM.CMSIS.5.6.0.CMSISJjCORE=true
ARM.CMSIS.5.6.0.CMSISJjCORE.apiComponent0=Device\:IRQ Controller
ARM.CMSIS.5.6.0.CMSISJjCORE.apiComponent1=Device\:OS Tick
ARM.CMSIS.5.6.0.CMSISJjCORE.apiComponent10=CMSIS Driver\:SAI
ARM.CMSIS.5.6.0.CMSISJjCORE.apiComponent11=CMSIS Driver\:I2C
ARM.CMSIS.5.6.0.CMSISJjCORE.apiComponent12=CMSIS Driver\:I2C
ARM.CMSIS.5.6.0.CMSISJjCORE.apiComponent13=CMSIS Driver\:CAN
ARM.CMSIS.5.6.0.CMSISJjCORE.apiComponent14=CMSIS Driver\:CAN
ARM.CMSIS.5.6.0.CMSISJjCORE.apiComponent15=CMSIS Driver\:Flash
ARM.CMSIS.5.6.0.CMSISJjCORE.apiComponent16=CMSIS Driver\:Flash
ARM.CMSIS.5.6.0.CMSISJjCORE.apiComponent17=CMSIS Driver\:MCI
ARM.CMSIS.5.6.0.CMSISJjCORE.apiComponent18=CMSIS Driver\:MCI
ARM.CMSIS.5.6.0.CMSISJjCORE.apiComponent19=CMSIS Driver\:NAND
ARM.CMSIS.5.6.0.CMSISJjCORE.apiComponent2=CMSIS\:RTOS
ARM.CMSIS.5.6.0.CMSISJjCORE.apiComponent20=CMSIS Driver\:NAND
ARM.CMSIS.5.6.0.CMSISJjCORE.apiComponent21=CMSIS Driver\:Ethernet
ARM.CMSIS.5.6.0.CMSISJjCORE.apiComponent22=CMSIS Driver\:Ethernet
ARM.CMSIS.5.6.0.CMSISJjCORE.apiComponent23=CMSIS Driver\:Ethernet
ARM.CMSIS.5.6.0.CMSISJjCORE.apiComponent24=CMSIS Driver\:Ethernet MAC
ARM.CMSIS.5.6.0.CMSISJjCORE.apiComponent25=CMSIS Driver\:Ethernet MAC
ARM.CMSIS.5.6.0.CMSISJjCORE.apiComponent26=CMSIS Driver\:Ethernet PHY
ARM.CMSIS.5.6.0.CMSISJjCORE.apiComponent27=CMSIS Driver\:Ethernet PHY
ARM.CMSIS.5.6.0.CMSISJjCORE.apiComponent28=CMSIS Driver\:USB Device
ARM.CMSIS.5.6.0.CMSISJjCORE.apiComponent29=CMSIS Driver\:USB Device
ARM.CMSIS.5.6.0.CMSISJjCORE.apiComponent3=CMSIS\:RTOS2
ARM.CMSIS.5.6.0.CMSISJjCORE.apiComponent30=CMSIS Driver\:USB Host
ARM.CMSIS.5.6.0.CMSISJjCORE.apiComponent31=CMSIS Driver\:USB Host
ARM.CMSIS.5.6.0.CMSISJjCORE.apiComponent32=CMSIS Driver\:WiFi
ARM.CMSIS.5.6.0.CMSISJjCORE.apiComponent33=CMSIS Driver\:WiFi
ARM.CMSIS.5.6.0.CMSISJjCORE.apiComponent4=CMSIS\:RTOS2
ARM.CMSIS.5.6.0.CMSISJjCORE.apiComponent5=CMSIS Driver\:USART
ARM.CMSIS.5.6.0.CMSISJjCORE.apiComponent6=CMSIS Driver\:USART
ARM.CMSIS.5.6.0.CMSISJjCORE.apiComponent7=CMSIS Driver\:SPI
ARM.CMSIS.5.6.0.CMSISJjCORE.apiComponent8=CMSIS Driver\:SPI
ARM.CMSIS.5.6.0.CMSISJjCORE.apiComponent9=CMSIS Driver\:SAI
ARM.CMSIS.5.6.0.CMSISJjCORE.apiDoc0=CMSIS/Core_A/Include/irq_ctrl.h
ARM.CMSIS.5.6.0.CMSISJjCORE.apiDoc1=CMSIS/RTOS2/Include/os_tick.h
ARM.CMSIS.5.6.0.CMSISJjCORE.apiDoc10=CMSIS/Driver/Include/Driver_SAI.h
ARM.CMSIS.5.6.0.CMSISJjCORE.apiDoc11=CMSIS/Documentation/Driver/html/group__i2c__interface__gr.html
ARM.CMSIS.5.6.0.CMSISJjCORE.apiDoc12=CMSIS/Driver/Include/Driver_I2C.h
ARM.CMSIS.5.6.0.CMSISJjCORE.apiDoc13=CMSIS/Documentation/Driver/html/group__can__interface__gr.html
ARM.CMSIS.5.6.0.CMSISJjCORE.apiDoc14=CMSIS/Driver/Include/Driver_CAN.h
ARM.CMSIS.5.6.0.CMSISJjCORE.apiDoc15=CMSIS/Documentation/Driver/html/group__flash__interface__gr.html
ARM.CMSIS.5.6.0.CMSISJjCORE.apiDoc16=CMSIS/Driver/Include/Driver_Flash.h
ARM.CMSIS.5.6.0.CMSISJjCORE.apiDoc17=CMSIS/Documentation/Driver/html/group__mci__interface__gr.html
ARM.CMSIS.5.6.0.CMSISJjCORE.apiDoc18=CMSIS/Driver/Include/Driver_MCI.h
ARM.CMSIS.5.6.0.CMSISJjCORE.apiDoc19=CMSIS/Documentation/Driver/html/group__nand__interface__gr.html
ARM.CMSIS.5.6.0.CMSISJjCORE.apiDoc2=CMSIS/Documentation/RTOS/html/index.html
ARM.CMSIS.5.6.0.CMSISJjCORE.apiDoc20=CMSIS/Driver/Include/Driver_NAND.h
ARM.CMSIS.5.6.0.CMSISJjCORE.apiDoc21=CMSIS/Documentation/Driver/html/group__eth__interface__gr.html
ARM.CMSIS.5.6.0.CMSISJjCORE.apiDoc22=CMSIS/Driver/Include/Driver_ETH_MAC.h
ARM.CMSIS.5.6.0.CMSISJjCORE.apiDoc23=CMSIS/Driver/Include/Driver_ETH_PHY.h
ARM.CMSIS.5.6.0.CMSISJjCORE.apiDoc24=CMSIS/Documentation/Driver/html/group__eth__mac__interface__gr.html
ARM.CMSIS.5.6.0.CMSISJjCORE.apiDoc25=CMSIS/Driver/Include/Driver_ETH_MAC.h
ARM.CMSIS.5.6.0.CMSISJjCORE.apiDoc26=CMSIS/Documentation/Driver/html/group__eth__phy__interface__gr.html
ARM.CMSIS.5.6.0.CMSISJjCORE.apiDoc27=CMSIS/Driver/Include/Driver_ETH_PHY.h
ARM.CMSIS.5.6.0.CMSISJjCORE.apiDoc28=CMSIS/Documentation/Driver/html/group__usbd__interface__gr.html
ARM.CMSIS.5.6.0.CMSISJjCORE.apiDoc29=CMSIS/Driver/Include/Driver_USBD.h
ARM.CMSIS.5.6.0.CMSISJjCORE.apiDoc3=CMSIS/Documentation/RTOS2/html/index.html
ARM.CMSIS.5.6.0.CMSISJjCORE.apiDoc30=CMSIS/Documentation/Driver/html/group__usbh__interface__gr.html
ARM.CMSIS.5.6.0.CMSISJjCORE.apiDoc31=CMSIS/Driver/Include/Driver_USBH.h
ARM.CMSIS.5.6.0.CMSISJjCORE.apiDoc32=CMSIS/Documentation/Driver/html/group__wifi__interface__gr.html
ARM.CMSIS.5.6.0.CMSISJjCORE.apiDoc33=CMSIS/Driver/Include/Driver_WiFi.h
ARM.CMSIS.5.6.0.CMSISJjCORE.apiDoc4=CMSIS/RTOS2/Include/cmsis_os2.h
ARM.CMSIS.5.6.0.CMSISJjCORE.apiDoc5=CMSIS/Documentation/Driver/html/group__usart__interface__gr.html
ARM.CMSIS.5.6.0.CMSISJjCORE.apiDoc6=CMSIS/Driver/Include/Driver_USART.h
ARM.CMSIS.5.6.0.CMSISJjCORE.apiDoc7=CMSIS/Documentation/Driver/html/group__spi__interface__gr.html
ARM.CMSIS.5.6.0.CMSISJjCORE.apiDoc8=CMSIS/Driver/Include/Driver_SPI.h
ARM.CMSIS.5.6.0.CMSISJjCORE.apiDoc9=CMSIS/Documentation/Driver/html/group__sai__interface__gr.html
ARM.CMSIS.5.6.0.CMSISJjCORE.cmp_version0=5.3.0
ARM.CMSIS.5.6.0.CMSISJjCORE.cmp_version1=1.7.0
ARM.CMSIS.5.6.0.CMSISJjCORE.component0=CMSIS
ARM.CMSIS.5.6.0.CMSISJjCORE.component1=CMSIS
ARM.CMSIS.5.6.0.CMSISJjCORE.componentDoc0=CMSIS/Documentation/Core/html/index.html
ARM.CMSIS.5.6.0.CMSISJjCORE.componentDoc1=CMSIS/Documentation/DSP/html/index.html
ARM.CMSIS.5.6.0.CMSISJjCORE.description0=CMSIS-CORE for Cortex-M, SC000, SC300, ARMv8-M, ARMv8.1-M
ARM.CMSIS.5.6.0.CMSISJjCORE.description1=CMSIS-DSP Library for Cortex-M, SC000, and SC300
ARM.CMSIS.5.6.0.CMSISJjCORE.diagnostic0=This component should operate correctly.
ARM.CMSIS.5.6.0.CMSISJjCORE.diagnostic1=This component should operate correctly.
ARM.CMSIS.5.6.0.CMSISJjCORE.group0=CORE
ARM.CMSIS.5.6.0.CMSISJjCORE.group1=DSP
ARM.CMSIS.5.6.0.CMSISJjCORE.paramName0=CMSISJjCORE
ARM.CMSIS.5.6.0.CMSISJjCORE.paramName1=CMSISJjDSP
ARM.CMSIS.5.6.0.CMSISJjCORE.sevirity0=none
ARM.CMSIS.5.6.0.CMSISJjCORE.sevirity1=none
ARM.CMSIS.5.6.0.CMSISJjCORE.variant1=Library
ARM.CMSIS.5.6.0.CMSISJjCORE_Checked=true
ARM.CMSIS.5.6.0.CMSISJjCORE_apiSize=34
ARM.CMSIS.5.6.0.CMSISJjCORE_bundle=CMSIS
ARM.CMSIS.5.6.0.CMSISJjCORE_class=CMSIS
ARM.CMSIS.5.6.0.CMSISJjCORE_name=CMSIS
ARM.CMSIS.5.6.0.CMSISJjCORE_size=2
ARM.CMSIS.5.6.0.CMSISJjCORE_vendor=ARM
ARM.CMSIS.5.6.0.CMSISJjCORE_version=5.6.0
ARM.CMSIS.5.6.0.CMSISJjDSP=Library
ARM.CMSIS.5.6.0.CMSISJjDSP.apiComponent0=Device\:IRQ Controller
ARM.CMSIS.5.6.0.CMSISJjDSP.apiComponent1=Device\:OS Tick
ARM.CMSIS.5.6.0.CMSISJjDSP.apiComponent10=CMSIS Driver\:SAI
ARM.CMSIS.5.6.0.CMSISJjDSP.apiComponent11=CMSIS Driver\:I2C
ARM.CMSIS.5.6.0.CMSISJjDSP.apiComponent12=CMSIS Driver\:I2C
ARM.CMSIS.5.6.0.CMSISJjDSP.apiComponent13=CMSIS Driver\:CAN
ARM.CMSIS.5.6.0.CMSISJjDSP.apiComponent14=CMSIS Driver\:CAN
ARM.CMSIS.5.6.0.CMSISJjDSP.apiComponent15=CMSIS Driver\:Flash
ARM.CMSIS.5.6.0.CMSISJjDSP.apiComponent16=CMSIS Driver\:Flash
ARM.CMSIS.5.6.0.CMSISJjDSP.apiComponent17=CMSIS Driver\:MCI
ARM.CMSIS.5.6.0.CMSISJjDSP.apiComponent18=CMSIS Driver\:MCI
ARM.CMSIS.5.6.0.CMSISJjDSP.apiComponent19=CMSIS Driver\:NAND
ARM.CMSIS.5.6.0.CMSISJjDSP.apiComponent2=CMSIS\:RTOS
ARM.CMSIS.5.6.0.CMSISJjDSP.apiComponent20=CMSIS Driver\:NAND
ARM.CMSIS.5.6.0.CMSISJjDSP.apiComponent21=CMSIS Driver\:Ethernet
ARM.CMSIS.5.6.0.CMSISJjDSP.apiComponent22=CMSIS Driver\:Ethernet
ARM.CMSIS.5.6.0.CMSISJjDSP.apiComponent23=CMSIS Driver\:Ethernet
ARM.CMSIS.5.6.0.CMSISJjDSP.apiComponent24=CMSIS Driver\:Ethernet MAC
ARM.CMSIS.5.6.0.CMSISJjDSP.apiComponent25=CMSIS Driver\:Ethernet MAC
ARM.CMSIS.5.6.0.CMSISJjDSP.apiComponent26=CMSIS Driver\:Ethernet PHY
ARM.CMSIS.5.6.0.CMSISJjDSP.apiComponent27=CMSIS Driver\:Ethernet PHY
ARM.CMSIS.5.6.0.CMSISJjDSP.apiComponent28=CMSIS Driver\:USB Device
ARM.CMSIS.5.6.0.CMSISJjDSP.apiComponent29=CMSIS Driver\:USB Device
ARM.CMSIS.5.6.0.CMSISJjDSP.apiComponent3=CMSIS\:RTOS2
ARM.CMSIS.5.6.0.CMSISJjDSP.apiComponent30=CMSIS Driver\:USB Host
ARM.CMSIS.5.6.0.CMSISJjDSP.apiComponent31=CMSIS Driver\:USB Host
ARM.CMSIS.5.6.0.CMSISJjDSP.apiComponent32=CMSIS Driver\:WiFi
ARM.CMSIS.5.6.0.CMSISJjDSP.apiComponent33=CMSIS Driver\:WiFi
ARM.CMSIS.5.6.0.CMSISJjDSP.apiComponent4=CMSIS\:RTOS2
ARM.CMSIS.5.6.0.CMSISJjDSP.apiComponent5=CMSIS Driver\:USART
ARM.CMSIS.5.6.0.CMSISJjDSP.apiComponent6=CMSIS Driver\:USART
ARM.CMSIS.5.6.0.CMSISJjDSP.apiComponent7=CMSIS Driver\:SPI
ARM.CMSIS.5.6.0.CMSISJjDSP.apiComponent8=CMSIS Driver\:SPI
ARM.CMSIS.5.6.0.CMSISJjDSP.apiComponent9=CMSIS Driver\:SAI
ARM.CMSIS.5.6.0.CMSISJjDSP.apiDoc0=CMSIS/Core_A/Include/irq_ctrl.h
ARM.CMSIS.5.6.0.CMSISJjDSP.apiDoc1=CMSIS/RTOS2/Include/os_tick.h
ARM.CMSIS.5.6.0.CMSISJjDSP.apiDoc10=CMSIS/Driver/Include/Driver_SAI.h
ARM.CMSIS.5.6.0.CMSISJjDSP.apiDoc11=CMSIS/Documentation/Driver/html/group__i2c__interface__gr.html
ARM.CMSIS.5.6.0.CMSISJjDSP.apiDoc12=CMSIS/Driver/Include/Driver_I2C.h
ARM.CMSIS.5.6.0.CMSISJjDSP.apiDoc13=CMSIS/Documentation/Driver/html/group__can__interface__gr.html
ARM.CMSIS.5.6.0.CMSISJjDSP.apiDoc14=CMSIS/Driver/Include/Driver_CAN.h
ARM.CMSIS.5.6.0.CMSISJjDSP.apiDoc15=CMSIS/Documentation/Driver/html/group__flash__interface__gr.html
ARM.CMSIS.5.6.0.CMSISJjDSP.apiDoc16=CMSIS/Driver/Include/Driver_Flash.h
ARM.CMSIS.5.6.0.CMSISJjDSP.apiDoc17=CMSIS/Documentation/Driver/html/group__mci__interface__gr.html
ARM.CMSIS.5.6.0.CMSISJjDSP.apiDoc18=CMSIS/Driver/Include/Driver_MCI.h
ARM.CMSIS.5.6.0.CMSISJjDSP.apiDoc19=CMSIS/Documentation/Driver/html/group__nand__interface__gr.html
ARM.CMSIS.5.6.0.CMSISJjDSP.apiDoc2=CMSIS/Documentation/RTOS/html/index.html
ARM.CMSIS.5.6.0.CMSISJjDSP.apiDoc20=CMSIS/Driver/Include/Driver_NAND.h
ARM.CMSIS.5.6.0.CMSISJjDSP.apiDoc21=CMSIS/Documentation/Driver/html/group__eth__interface__gr.html
ARM.CMSIS.5.6.0.CMSISJjDSP.apiDoc22=CMSIS/Driver/Include/Driver_ETH_MAC.h
ARM.CMSIS.5.6.0.CMSISJjDSP.apiDoc23=CMSIS/Driver/Include/Driver_ETH_PHY.h
ARM.CMSIS.5.6.0.CMSISJjDSP.apiDoc24=CMSIS/Documentation/Driver/html/group__eth__mac__interface__gr.html
ARM.CMSIS.5.6.0.CMSISJjDSP.apiDoc25=CMSIS/Driver/Include/Driver_ETH_MAC.h
ARM.CMSIS.5.6.0.CMSISJjDSP.apiDoc26=CMSIS/Documentation/Driver/html/group__eth__phy__interface__gr.html
ARM.CMSIS.5.6.0.CMSISJjDSP.apiDoc27=CMSIS/Driver/Include/Driver_ETH_PHY.h
ARM.CMSIS.5.6.0.CMSISJjDSP.apiDoc28=CMSIS/Documentation/Driver/html/group__usbd__interface__gr.html
ARM.CMSIS.5.6.0.CMSISJjDSP.apiDoc29=CMSIS/Driver/Include/Driver_USBD.h
ARM.CMSIS.5.6.0.CMSISJjDSP.apiDoc3=CMSIS/Documentation/RTOS2/html/index.html
ARM.CMSIS.5.6.0.CMSISJjDSP.apiDoc30=CMSIS/Documentation/Driver/html/group__usbh__interface__gr.html
ARM.CMSIS.5.6.0.CMSISJjDSP.apiDoc31=CMSIS/Driver/Include/Driver_USBH.h
ARM.CMSIS.5.6.0.CMSISJjDSP.apiDoc32=CMSIS/Documentation/Driver/html/group__wifi__interface__gr.html
ARM.CMSIS.5.6.0.CMSISJjDSP.apiDoc33=CMSIS/Driver/Include/Driver_WiFi.h
ARM.CMSIS.5.6.0.CMSISJjDSP.apiDoc4=CMSIS/RTOS2/Include/cmsis_os2.h
ARM.CMSIS.5.6.0.CMSISJjDSP.apiDoc5=CMSIS/Documentation/Driver/html/group__usart__interface__gr.html
ARM.CMSIS.5.6.0.CMSISJjDSP.apiDoc6=CMSIS/Driver/Include/Driver_USART.h
ARM.CMSIS.5.6.0.CMSISJjDSP.apiDoc7=CMSIS/Documentation/Driver/html/group__spi__interface__gr.html
ARM.CMSIS.5.6.0.CMSISJjDSP.apiDoc8=CMSIS/Driver/Include/Driver_SPI.h
ARM.CMSIS.5.6.0.CMSISJjDSP.apiDoc9=CMSIS/Documentation/Driver/html/group__sai__interface__gr.html
ARM.CMSIS.5.6.0.CMSISJjDSP.cmp_version0=1.7.0
ARM.CMSIS.5.6.0.CMSISJjDSP.component0=CMSIS
ARM.CMSIS.5.6.0.CMSISJjDSP.componentDoc0=CMSIS/Documentation/DSP/html/index.html
ARM.CMSIS.5.6.0.CMSISJjDSP.description0=CMSIS-DSP Library for Cortex-M, SC000, and SC300
ARM.CMSIS.5.6.0.CMSISJjDSP.diagnostic0=This component should operate correctly.
ARM.CMSIS.5.6.0.CMSISJjDSP.group0=DSP
ARM.CMSIS.5.6.0.CMSISJjDSP.paramName0=CMSISJjDSP
ARM.CMSIS.5.6.0.CMSISJjDSP.sevirity0=none
ARM.CMSIS.5.6.0.CMSISJjDSP.variant0=Library
ARM.CMSIS.5.6.0.CMSISJjDSP_Checked=true
ARM.CMSIS.5.6.0.CMSISJjDSP_apiSize=34
ARM.CMSIS.5.6.0.CMSISJjDSP_bundle=CMSIS
ARM.CMSIS.5.6.0.CMSISJjDSP_class=CMSIS
ARM.CMSIS.5.6.0.CMSISJjDSP_name=CMSIS
ARM.CMSIS.5.6.0.CMSISJjDSP_size=1
ARM.CMSIS.5.6.0.CMSISJjDSP_vendor=ARM
ARM.CMSIS.5.6.0.CMSISJjDSP_version=5.6.0
ARM.CMSIS.5.6.0.IPParameters=CMSISJjCORE,CMSISJjDSP
ARM.CMSIS.5.6.0_CMSISJjCORE_RteComponentsize=0
ARM.CMSIS.5.6.0_CMSISJjDSP_RteComponentsize=0
ARM.CMSIS.5.6.0_CMSISJjNNOoLib_RteComponentsize=0
ARM.CMSIS.5.6.0_CMSISJjRTOS2_RteComponentsize=0
ARM.CMSIS.5.6.0_CMSISJjRTOS_RteComponentsize=0
ARM.CMSIS.5.6.0_CMSISOoDriverJjCAN_RteComponentsize=0
ARM.CMSIS.5.6.0_CMSISOoDriverJjEthernetOoMAC_RteComponentsize=0
ARM.CMSIS.5.6.0_CMSISOoDriverJjEthernetOoPHY_RteComponentsize=0
ARM.CMSIS.5.6.0_CMSISOoDriverJjEthernet_RteComponentsize=0
ARM.CMSIS.5.6.0_CMSISOoDriverJjFlash_RteComponentsize=0
ARM.CMSIS.5.6.0_CMSISOoDriverJjI2C_RteComponentsize=0
ARM.CMSIS.5.6.0_CMSISOoDriverJjMCI_RteComponentsize=0
ARM.CMSIS.5.6.0_CMSISOoDriverJjNAND_RteComponentsize=0
ARM.CMSIS.5.6.0_CMSISOoDriverJjSAI_RteComponentsize=0
ARM.CMSIS.5.6.0_CMSISOoDriverJjSPI_RteComponentsize=0
ARM.CMSIS.5.6.0_CMSISOoDriverJjUSART_RteComponentsize=0
ARM.CMSIS.5.6.0_CMSISOoDriverJjUSBOoDevice_RteComponentsize=0
ARM.CMSIS.5.6.0_CMSISOoDriverJjUSBOoHost_RteComponentsize=0
ARM.CMSIS.5.6.0_CMSISOoDriverJjWiFi_RteComponentsize=0
ARM.CMSIS.5.6.0_DeviceJjIRQOoController_RteComponentsize=0
ARM.CMSIS.5.6.0_DeviceJjOSOoTick_RteComponentsize=0
ARM.CMSIS.5.6.0_DeviceJjStartup_RteComponentsize=0
ARM.CMSIS.5.6.0_SwParameter=CMSISJjDSP\:Library;CMSISJjCORE\:true;
ARM.CMSIS.5.6.0_description=CMSIS (Cortex Microcontroller Software Interface Standard)
ARM.CMSIS.5.6.0_license=
File.Version=6
I2C1.IPParameters=Timing
I2C1.Timing=0x00707CBB
KeepUserPlacement=false
Mcu.Family=STM32WB
Mcu.IP0=HSEM
Mcu.IP1=I2C1
Mcu.IP10=USART1
Mcu.IP2=NVIC
Mcu.IP3=RCC
Mcu.IP4=RF
Mcu.IP5=RTC
Mcu.IP6=SEQUENCER
Mcu.IP7=STM32_WPAN
Mcu.IP8=SYS
Mcu.IP9=TINY_LPM
Mcu.IPNb=11
Mcu.Name=STM32WB55RGVx
Mcu.Package=VFQFPN68
Mcu.Pin0=PC14-OSC32_IN
Mcu.Pin1=PC15-OSC32_OUT
Mcu.Pin10=PA14
Mcu.Pin11=PB3
Mcu.Pin12=PB5
Mcu.Pin13=PB6
Mcu.Pin14=PB7
Mcu.Pin15=VP_HSEM_VS_HSEM
Mcu.Pin16=VP_RTC_VS_RTC_Activate
Mcu.Pin17=VP_RTC_VS_RTC_WakeUp_intern
Mcu.Pin18=VP_SEQUENCER_VS_SEQUENCER
Mcu.Pin19=VP_STM32_WPAN_VS_BLE_HOST
Mcu.Pin2=PB8
Mcu.Pin20=VP_SYS_VS_Systick
Mcu.Pin21=VP_TINY_LPM_VS_TINY_LPM
Mcu.Pin22=VP_STMicroelectronics.X-CUBE-MEMS1_VS_BoardOoExtensionJjMEMS_7.0.0
Mcu.Pin23=VP_ARM.CMSIS_VS_CMSISJjCORE_5.3.0
Mcu.Pin24=VP_ARM.CMSIS_VS_CMSISJjDSP_1.7.0
Mcu.Pin3=PB9
Mcu.Pin4=PC4
Mcu.Pin5=RF1
Mcu.Pin6=OSC_OUT
Mcu.Pin7=OSC_IN
Mcu.Pin8=PB0
Mcu.Pin9=PA13
Mcu.PinsNb=25
Mcu.ThirdParty0=ARM.CMSIS.5.6.0
Mcu.ThirdParty1=STMicroelectronics.X-CUBE-MEMS1.7.0.0
Mcu.ThirdPartyNb=2
Mcu.UserConstants=
Mcu.UserName=STM32WB55RGVx
MxCube.Version=5.4.0
MxDb.Version=DB.5.0.40
NVIC.BusFault_IRQn=true\:0\:0\:false\:false\:true\:false\:false
NVIC.DebugMonitor_IRQn=true\:0\:0\:false\:false\:true\:false\:false
NVIC.EXTI4_IRQn=true\:0\:0\:false\:false\:true\:true\:true
NVIC.ForceEnableDMAVector=true
NVIC.HardFault_IRQn=true\:0\:0\:false\:false\:true\:false\:false
NVIC.MemoryManagement_IRQn=true\:0\:0\:false\:false\:true\:false\:false
NVIC.NonMaskableInt_IRQn=true\:0\:0\:false\:false\:true\:false\:false
NVIC.PendSV_IRQn=true\:0\:0\:false\:false\:true\:false\:false
NVIC.PriorityGroup=NVIC_PRIORITYGROUP_4
NVIC.RTC_WKUP_IRQn=true\:0\:0\:false\:false\:true\:true\:true
NVIC.SVCall_IRQn=true\:0\:0\:false\:false\:true\:false\:false
NVIC.SysTick_IRQn=true\:0\:0\:false\:false\:true\:false\:true
NVIC.USART1_IRQn=true\:0\:0\:false\:false\:true\:true\:true
NVIC.UsageFault_IRQn=true\:0\:0\:false\:false\:true\:false\:false
OSC_IN.Mode=HSE-External-Oscillator
OSC_IN.Signal=RCC_OSC_IN
OSC_OUT.Mode=HSE-External-Oscillator
OSC_OUT.Signal=RCC_OSC_OUT
PA13.Mode=Trace_Asynchronous_SW
PA13.Signal=SYS_JTMS-SWDIO
PA14.Mode=Trace_Asynchronous_SW
PA14.Signal=SYS_JTCK-SWCLK
PB0.GPIOParameters=GPIO_Label
PB0.GPIO_Label=LED_GREEN
PB0.Locked=true
PB0.Signal=GPIO_Output
PB3.Mode=Trace_Asynchronous_SW
PB3.Signal=SYS_JTDO-SWO
PB5.GPIOParameters=GPIO_Label
PB5.GPIO_Label=LED_BLUE
PB5.Locked=true
PB5.Signal=GPIO_Output
PB6.Locked=true
PB6.Mode=Asynchronous
PB6.Signal=USART1_TX
PB7.Locked=true
PB7.Mode=Asynchronous
PB7.Signal=USART1_RX
PB8.Mode=I2C
PB8.Signal=I2C1_SCL
PB9.Mode=I2C
PB9.Signal=I2C1_SDA
PC14-OSC32_IN.Mode=LSE-External-Oscillator
PC14-OSC32_IN.Signal=RCC_OSC32_IN
PC15-OSC32_OUT.Mode=LSE-External-Oscillator
PC15-OSC32_OUT.Signal=RCC_OSC32_OUT
PC4.GPIOParameters=GPIO_PuPd,GPIO_Label,GPIO_ModeDefaultEXTI
PC4.GPIO_Label=BUTTON_SW1
PC4.GPIO_ModeDefaultEXTI=GPIO_MODE_IT_FALLING
PC4.GPIO_PuPd=GPIO_PULLUP
PC4.Locked=true
PC4.Signal=GPXTI4
PCC.Ble.ConnectionInterval=1000.0
PCC.Ble.DataLength=6
PCC.Ble.Mode=Advertising
PCC.Ble.PowerLevel=Min
PCC.Checker=true
PCC.Line=STM32WBx5
PCC.MCU=STM32WB55RGVx
PCC.PartNumber=STM32WB55RGVx
PCC.Seq0=0
PCC.Series=STM32WB
PCC.Temperature=25
PCC.Vdd=3.0
PinOutPanel.RotationAngle=0
ProjectManager.AskForMigrate=true
ProjectManager.BackupPrevious=false
ProjectManager.CompilerOptimize=6
ProjectManager.ComputerToolchain=false
ProjectManager.CoupleFile=false
ProjectManager.CustomerFirmwarePackage=
ProjectManager.DefaultFWLocation=true
ProjectManager.DeletePrevious=true
ProjectManager.DeviceId=STM32WB55RGVx
ProjectManager.FirmwarePackage=STM32Cube FW_WB V1.3.0
ProjectManager.FreePins=false
ProjectManager.HalAssertFull=false
ProjectManager.HeapSize=0x200
ProjectManager.KeepUserCode=true
ProjectManager.LastFirmware=true
ProjectManager.LibraryCopy=1
ProjectManager.MainLocation=Core/Src
ProjectManager.NoMain=false
ProjectManager.PreviousToolchain=TrueSTUDIO
ProjectManager.ProjectBuild=false
ProjectManager.ProjectFileName=HandOn_4.ioc
ProjectManager.ProjectName=HandOn_4
ProjectManager.StackSize=0x400
ProjectManager.TargetToolchain=TrueSTUDIO
ProjectManager.ToolChainLocation=
ProjectManager.UnderRoot=true
ProjectManager.functionlistsort=1-SystemClock_Config-RCC-false-HAL-false,1-MX_GPIO_Init-GPIO-false-HAL-true,3-MX_RF_Init-RF-false-HAL-true,4-MX_RTC_Init-RTC-false-HAL-true,5-MX_USART1_UART_Init-USART1-false-HAL-true,6-APPE_Init-STM32_WPAN-false-HAL-true
RCC.ADCFreq_Value=128000000
RCC.AHBFreq_Value=32000000
RCC.APB1Freq_Value=32000000
RCC.APB1TimFreq_Value=32000000
RCC.APB2Freq_Value=32000000
RCC.APB2TimFreq_Value=32000000
RCC.APB3Freq_Value=16000000
RCC.Cortex2Freq_Value=32000000
RCC.CortexFreq_Value=32000000
RCC.FCLKCortexFreq_Value=32000000
RCC.FamilyName=M
RCC.HCLK2Freq_Value=32000000
RCC.HCLK3Freq_Value=32000000
RCC.HCLKFreq_Value=32000000
RCC.HCLKRFFreq_Value=16000000
RCC.HSE_VALUE=32000000
RCC.HSI48_VALUE=48000000
RCC.HSI_VALUE=16000000
RCC.I2C1Freq_Value=32000000
RCC.I2C3Freq_Value=32000000
RCC.IPParameters=ADCFreq_Value,AHBFreq_Value,APB1Freq_Value,APB1TimFreq_Value,APB2Freq_Value,APB2TimFreq_Value,APB3Freq_Value,Cortex2Freq_Value,CortexFreq_Value,FCLKCortexFreq_Value,FamilyName,HCLK2Freq_Value,HCLK3Freq_Value,HCLKFreq_Value,HCLKRFFreq_Value,HSE_VALUE,HSI48_VALUE,HSI_VALUE,I2C1Freq_Value,I2C3Freq_Value,LCDFreq_Value,LPTIM1Freq_Value,LPTIM2Freq_Value,LPUART1Freq_Value,LSCOPinFreq_Value,LSI_VALUE,MCO1PinFreq_Value,MSIClockRange,PLLPoutputFreq_Value,PLLQoutputFreq_Value,PLLRCLKFreq_Value,PLLSAI1PoutputFreq_Value,PLLSAI1QoutputFreq_Value,PLLSAI1RoutputFreq_Value,PWRFreq_Value,RFWKPClockSelection,RFWKPFreq_Value,RNGFreq_Value,RTCClockSelection,RTCFreq_Value,SAI1Freq_Value,SMPS1Freq_Value,SMPSFreq_Value,SYSCLKFreq_VALUE,SYSCLKSource,USART1Freq_Value,USBFreq_Value,VCOInputFreq_Value,VCOOutputFreq_Value,VCOSAI1OutputFreq_Value
RCC.LCDFreq_Value=32768
RCC.LPTIM1Freq_Value=32000000
RCC.LPTIM2Freq_Value=32000000
RCC.LPUART1Freq_Value=32000000
RCC.LSCOPinFreq_Value=32000
RCC.LSI_VALUE=32000
RCC.MCO1PinFreq_Value=32000000
RCC.MSIClockRange=RCC_MSIRANGE_10
RCC.PLLPoutputFreq_Value=128000000
RCC.PLLQoutputFreq_Value=128000000
RCC.PLLRCLKFreq_Value=128000000
RCC.PLLSAI1PoutputFreq_Value=128000000
RCC.PLLSAI1QoutputFreq_Value=128000000
RCC.PLLSAI1RoutputFreq_Value=128000000
RCC.PWRFreq_Value=32000000
RCC.RFWKPClockSelection=RCC_RFWKPCLKSOURCE_LSE
RCC.RFWKPFreq_Value=32768
RCC.RNGFreq_Value=32000
RCC.RTCClockSelection=RCC_RTCCLKSOURCE_LSE
RCC.RTCFreq_Value=32768
RCC.SAI1Freq_Value=128000000
RCC.SMPS1Freq_Value=16000000
RCC.SMPSFreq_Value=8000000
RCC.SYSCLKFreq_VALUE=32000000
RCC.SYSCLKSource=RCC_SYSCLKSOURCE_HSE
RCC.USART1Freq_Value=32000000
RCC.USBFreq_Value=128000000
RCC.VCOInputFreq_Value=32000000
RCC.VCOOutputFreq_Value=256000000
RCC.VCOSAI1OutputFreq_Value=256000000
RF1.Mode=RF1_Activate
RF1.Signal=RF_RF1
SH.GPXTI4.0=GPIO_EXTI4
SH.GPXTI4.ConfNb=1
STM32_WPAN.CFG_FAST_CONN_ADV_INTERVAL_MAX_HEXA=0xa0
STM32_WPAN.CFG_LP_CONN_ADV_INTERVAL_MAX_HEXA=0xfa0
STM32_WPAN.CUSTOM_TEMPLATE=Enabled
STM32_WPAN.IPParameters=CUSTOM_TEMPLATE,CFG_FAST_CONN_ADV_INTERVAL_MAX_HEXA,CFG_LP_CONN_ADV_INTERVAL_MAX_HEXA,LOCAL_NAME_FORMATTED,LOCAL_NAME
STM32_WPAN.LOCAL_NAME=TT-NODE
STM32_WPAN.LOCAL_NAME_FORMATTED=,'T','T','-','N','O','D','E'
STMicroelectronics.X-CUBE-MEMS1.7.0.0.BSP.number=1
STMicroelectronics.X-CUBE-MEMS1.7.0.0.BoardOoExtensionJjMEMS.apiComponent0=Board Extension\:IKS01A3
STMicroelectronics.X-CUBE-MEMS1.7.0.0.BoardOoExtensionJjMEMS.apiComponent1=Board Extension\:IKS01A2
STMicroelectronics.X-CUBE-MEMS1.7.0.0.BoardOoExtensionJjMEMS.apiComponent2=Board Extension\:IKS02A1
STMicroelectronics.X-CUBE-MEMS1.7.0.0.BoardOoExtensionJjMEMS.apiDoc0=Documentation/X_CUBE_MEMS1.chm
STMicroelectronics.X-CUBE-MEMS1.7.0.0.BoardOoExtensionJjMEMS.apiDoc1=Documentation/X_CUBE_MEMS1.chm
STMicroelectronics.X-CUBE-MEMS1.7.0.0.BoardOoExtensionJjMEMS.apiDoc2=Documentation/X_CUBE_MEMS1.chm
STMicroelectronics.X-CUBE-MEMS1.7.0.0.BoardOoExtensionJjMEMS.cmp_version0=7.0.0
STMicroelectronics.X-CUBE-MEMS1.7.0.0.BoardOoExtensionJjMEMS.component0=Board Extension
STMicroelectronics.X-CUBE-MEMS1.7.0.0.BoardOoExtensionJjMEMS.description0=MEMS Expansion Boards Library,X-NUCLEO-IKS01A2 BSP component drivers
STMicroelectronics.X-CUBE-MEMS1.7.0.0.BoardOoExtensionJjMEMS.diagnostic0=This component should operate correctly.
STMicroelectronics.X-CUBE-MEMS1.7.0.0.BoardOoExtensionJjMEMS.documentation0=Documentation/STMicroelectronics.X-CUBE-MEMS1_GettingStarted.pdf
STMicroelectronics.X-CUBE-MEMS1.7.0.0.BoardOoExtensionJjMEMS.group0=IKS01A2
STMicroelectronics.X-CUBE-MEMS1.7.0.0.BoardOoExtensionJjMEMS.paramName0=MEMSCcBoardOoExtensionJjIKS01A2
STMicroelectronics.X-CUBE-MEMS1.7.0.0.BoardOoExtensionJjMEMS.sevirity0=none
STMicroelectronics.X-CUBE-MEMS1.7.0.0.BoardOoExtensionJjMEMS_Checked=true
STMicroelectronics.X-CUBE-MEMS1.7.0.0.BoardOoExtensionJjMEMS_apiSize=3
STMicroelectronics.X-CUBE-MEMS1.7.0.0.BoardOoExtensionJjMEMS_bundle=MEMS
STMicroelectronics.X-CUBE-MEMS1.7.0.0.BoardOoExtensionJjMEMS_class=BoardOoExtension
STMicroelectronics.X-CUBE-MEMS1.7.0.0.BoardOoExtensionJjMEMS_name=X-CUBE-MEMS1
STMicroelectronics.X-CUBE-MEMS1.7.0.0.BoardOoExtensionJjMEMS_size=1
STMicroelectronics.X-CUBE-MEMS1.7.0.0.BoardOoExtensionJjMEMS_vendor=STMicroelectronics
STMicroelectronics.X-CUBE-MEMS1.7.0.0.BoardOoExtensionJjMEMS_version=7.0.0
STMicroelectronics.X-CUBE-MEMS1.7.0.0.IPParameters=MEMSCcBoardOoExtensionJjIKS01A2
STMicroelectronics.X-CUBE-MEMS1.7.0.0.MEMSCcBoardOoExtensionJjIKS01A2=true
STMicroelectronics.X-CUBE-MEMS1.7.0.00.BSP.STBoard=false
STMicroelectronics.X-CUBE-MEMS1.7.0.00.BSP.api=BSP_BUS_DRIVER
STMicroelectronics.X-CUBE-MEMS1.7.0.00.BSP.component=
STMicroelectronics.X-CUBE-MEMS1.7.0.00.BSP.condition=SEMBoardOoExtensionJjIKS01A2
STMicroelectronics.X-CUBE-MEMS1.7.0.00.BSP.i2caddr=0
STMicroelectronics.X-CUBE-MEMS1.7.0.00.BSP.i2creg=
STMicroelectronics.X-CUBE-MEMS1.7.0.00.BSP.instance=I2C1
STMicroelectronics.X-CUBE-MEMS1.7.0.00.BSP.ip=I2C
STMicroelectronics.X-CUBE-MEMS1.7.0.00.BSP.mode=I2C
STMicroelectronics.X-CUBE-MEMS1.7.0.00.BSP.name=IKS01A2 BUS IO driver
STMicroelectronics.X-CUBE-MEMS1.7.0.00.BSP.semaphore=
STMicroelectronics.X-CUBE-MEMS1.7.0.00.BSP.solution=I2C1
STMicroelectronics.X-CUBE-MEMS1.7.0.0_BoardOoComponentJjMEMS_RteComponentsize=0
STMicroelectronics.X-CUBE-MEMS1.7.0.0_BoardOoExtensionJjMEMS_RteComponent0=\#define IKS01A2
STMicroelectronics.X-CUBE-MEMS1.7.0.0_BoardOoExtensionJjMEMS_RteComponentsize=1
STMicroelectronics.X-CUBE-MEMS1.7.0.0_BoardOoSupportJjSTM32CubeIiCustomIiBSPIiDrivers_RteComponentsize=0
STMicroelectronics.X-CUBE-MEMS1.7.0.0_DeviceJjApplication_RteComponentsize=0
STMicroelectronics.X-CUBE-MEMS1.7.0.0_SwParameter=MEMSCcBoardOoExtensionJjIKS01A2\:true;
STMicroelectronics.X-CUBE-MEMS1.7.0.0_description=Drivers and sample applications for MEMS components
STMicroelectronics.X-CUBE-MEMS1.7.0.0_license=en.DM00367782.pdf
USART1.IPParameters=VirtualMode-Asynchronous
USART1.VirtualMode-Asynchronous=VM_ASYNC
VP_ARM.CMSIS_VS_CMSISJjCORE_5.3.0.Mode=CMSISJjCORE
VP_ARM.CMSIS_VS_CMSISJjCORE_5.3.0.Signal=ARM.CMSIS_VS_CMSISJjCORE_5.3.0
VP_ARM.CMSIS_VS_CMSISJjDSP_1.7.0.Mode=CMSISJjDSP
VP_ARM.CMSIS_VS_CMSISJjDSP_1.7.0.Signal=ARM.CMSIS_VS_CMSISJjDSP_1.7.0
VP_HSEM_VS_HSEM.Mode=HSEM_Activate
VP_HSEM_VS_HSEM.Signal=HSEM_VS_HSEM
VP_RTC_VS_RTC_Activate.Mode=RTC_Enabled
VP_RTC_VS_RTC_Activate.Signal=RTC_VS_RTC_Activate
VP_RTC_VS_RTC_WakeUp_intern.Mode=WakeUp
VP_RTC_VS_RTC_WakeUp_intern.Signal=RTC_VS_RTC_WakeUp_intern
VP_SEQUENCER_VS_SEQUENCER.Mode=SEQUENCER_Enabled
VP_SEQUENCER_VS_SEQUENCER.Signal=SEQUENCER_VS_SEQUENCER
VP_STM32_WPAN_VS_BLE_HOST.Mode=STM32_WPAN_Enabled
VP_STM32_WPAN_VS_BLE_HOST.Signal=STM32_WPAN_VS_BLE_HOST
VP_STMicroelectronics.X-CUBE-MEMS1_VS_BoardOoExtensionJjMEMS_7.0.0.Mode=BoardOoExtensionJjMEMS
VP_STMicroelectronics.X-CUBE-MEMS1_VS_BoardOoExtensionJjMEMS_7.0.0.Signal=STMicroelectronics.X-CUBE-MEMS1_VS_BoardOoExtensionJjMEMS_7.0.0
VP_SYS_VS_Systick.Mode=SysTick
VP_SYS_VS_Systick.Signal=SYS_VS_Systick
VP_TINY_LPM_VS_TINY_LPM.Mode=TINY_LPM_Enabled
VP_TINY_LPM_VS_TINY_LPM.Signal=TINY_LPM_VS_TINY_LPM
board=custom
